
Microsoft Visual Studio Solution File, Format Version 12.00
# Visual Studio Version 16
VisualStudioVersion = 16.0.28711.60
MinimumVisualStudioVersion = 10.0.40219.1
Project("{8BC9CEB8-8B4A-11D0-8D11-00A0C91BC942}") = "DepthSenseWrapper", "DepthSenseWrapper.vcxproj", "{85CE9823-69D2-4450-A0C5-CCD34146F129}"
EndProject
Global
	GlobalSection(SolutionConfigurationPlatforms) = preSolution
		Debug|x64 = Debug|x64
		Debug|x86 = Debug|x86
		Release|x64 = Release|x64
		Release|x86 = Release|x86
	EndGlobalSection
	GlobalSection(ProjectConfigurationPlatforms) = postSolution
		{85CE9823-69D2-4450-A0C5-CCD34146F129}.Debug|x64.ActiveCfg = Debug|x64
		{85CE9823-69D2-4450-A0C5-CCD34146F129}.Debug|x64.Build.0 = Debug|x64
		{85CE9823-69D2-4450-A0C5-CCD34146F129}.Debug|x86.ActiveCfg = Debug|Win32
		{85CE9823-69D2-4450-A0C5-CCD34146F129}.Debug|x86.Build.0 = Debug|Win32
		{85CE9823-69D2-4450-A0C5-CCD34146F129}.Release|x64.ActiveCfg = Release|x64
		{85CE9823-69D2-4450-A0C5-CCD34146F129}.Release|x64.Build.0 = Release|x64
		{85CE9823-69D2-4450-A0C5-CCD34146F129}.Release|x86.ActiveCfg = Release|Win32
		{85CE9823-69D2-4450-A0C5-CCD34146F129}.Release|x86.Build.0 = Release|Win32
	EndGlobalSection
	GlobalSection(SolutionProperties) = preSolution
		HideSolutionNode = FALSE
	EndGlobalSection
	GlobalSection(ExtensibilityGlobals) = postSolution
		SolutionGuid = {E6BC852D-B444-4B37-9328-9F396408115E}
	EndGlobalSection
EndGlobal
